
Microsoft Visual Studio Solution File, Format Version 12.00
# Visual Studio 15
VisualStudioVersion = 15.0.26124.0
MinimumVisualStudioVersion = 15.0.26124.0
Project("{FAE04EC0-301F-11D3-BF4B-00C04F79EFBC}") = "Praeclarum.MacCatalyst.BuildTask", "Praeclarum.MacCatalyst\Praeclarum.MacCatalyst.BuildTask.csproj", "{6EC9AF00-0D52-4B6B-9BF0-A3A583651F72}"
EndProject
Project("{2150E333-8FDC-42A3-9474-1A3956D46DE8}") = "Solution Items", "Solution Items", "{F79AC26A-A272-437E-AF0A-0DAA7FED643B}"
	ProjectSection(SolutionItems) = preProject
		global.json = global.json
	EndProjectSection
EndProject
Project("{FAE04EC0-301F-11D3-BF4B-00C04F79EFBC}") = "maccat", "Sdk\maccat.csproj", "{ED99F6DC-4D7C-42FD-A6BE-C3A0C4629765}"
EndProject
Global
	GlobalSection(SolutionConfigurationPlatforms) = preSolution
		Debug|Any CPU = Debug|Any CPU
		Debug|x64 = Debug|x64
		Debug|x86 = Debug|x86
		Release|Any CPU = Release|Any CPU
		Release|x64 = Release|x64
		Release|x86 = Release|x86
	EndGlobalSection
	GlobalSection(SolutionProperties) = preSolution
		HideSolutionNode = FALSE
	EndGlobalSection
	GlobalSection(ProjectConfigurationPlatforms) = postSolution
		{6EC9AF00-0D52-4B6B-9BF0-A3A583651F72}.Debug|Any CPU.ActiveCfg = Debug|Any CPU
		{6EC9AF00-0D52-4B6B-9BF0-A3A583651F72}.Debug|Any CPU.Build.0 = Debug|Any CPU
		{6EC9AF00-0D52-4B6B-9BF0-A3A583651F72}.Debug|x64.ActiveCfg = Debug|Any CPU
		{6EC9AF00-0D52-4B6B-9BF0-A3A583651F72}.Debug|x64.Build.0 = Debug|Any CPU
		{6EC9AF00-0D52-4B6B-9BF0-A3A583651F72}.Debug|x86.ActiveCfg = Debug|Any CPU
		{6EC9AF00-0D52-4B6B-9BF0-A3A583651F72}.Debug|x86.Build.0 = Debug|Any CPU
		{6EC9AF00-0D52-4B6B-9BF0-A3A583651F72}.Release|Any CPU.ActiveCfg = Release|Any CPU
		{6EC9AF00-0D52-4B6B-9BF0-A3A583651F72}.Release|Any CPU.Build.0 = Release|Any CPU
		{6EC9AF00-0D52-4B6B-9BF0-A3A583651F72}.Release|x64.ActiveCfg = Release|Any CPU
		{6EC9AF00-0D52-4B6B-9BF0-A3A583651F72}.Release|x64.Build.0 = Release|Any CPU
		{6EC9AF00-0D52-4B6B-9BF0-A3A583651F72}.Release|x86.ActiveCfg = Release|Any CPU
		{6EC9AF00-0D52-4B6B-9BF0-A3A583651F72}.Release|x86.Build.0 = Release|Any CPU
		{ED99F6DC-4D7C-42FD-A6BE-C3A0C4629765}.Debug|Any CPU.ActiveCfg = Debug|Any CPU
		{ED99F6DC-4D7C-42FD-A6BE-C3A0C4629765}.Debug|Any CPU.Build.0 = Debug|Any CPU
		{ED99F6DC-4D7C-42FD-A6BE-C3A0C4629765}.Debug|x64.ActiveCfg = Debug|Any CPU
		{ED99F6DC-4D7C-42FD-A6BE-C3A0C4629765}.Debug|x64.Build.0 = Debug|Any CPU
		{ED99F6DC-4D7C-42FD-A6BE-C3A0C4629765}.Debug|x86.ActiveCfg = Debug|Any CPU
		{ED99F6DC-4D7C-42FD-A6BE-C3A0C4629765}.Debug|x86.Build.0 = Debug|Any CPU
		{ED99F6DC-4D7C-42FD-A6BE-C3A0C4629765}.Release|Any CPU.ActiveCfg = Release|Any CPU
		{ED99F6DC-4D7C-42FD-A6BE-C3A0C4629765}.Release|Any CPU.Build.0 = Release|Any CPU
		{ED99F6DC-4D7C-42FD-A6BE-C3A0C4629765}.Release|x64.ActiveCfg = Release|Any CPU
		{ED99F6DC-4D7C-42FD-A6BE-C3A0C4629765}.Release|x64.Build.0 = Release|Any CPU
		{ED99F6DC-4D7C-42FD-A6BE-C3A0C4629765}.Release|x86.ActiveCfg = Release|Any CPU
		{ED99F6DC-4D7C-42FD-A6BE-C3A0C4629765}.Release|x86.Build.0 = Release|Any CPU
	EndGlobalSection
EndGlobal
