
Microsoft Visual Studio Solution File, Format Version 12.00
# Visual Studio 15
VisualStudioVersion = 15.0.26124.0
MinimumVisualStudioVersion = 15.0.26124.0
Project("{FAE04EC0-301F-11D3-BF4B-00C04F79EFBC}") = "Hello.iOS", "Hello.iOS\Hello.iOS.csproj", "{11B1013C-8508-49D0-ACDC-12B9BDB9E34A}"
EndProject
Project("{FAE04EC0-301F-11D3-BF4B-00C04F79EFBC}") = "Hello.macOS", "Hello.macOS\Hello.macOS.csproj", "{21B9ABE8-6F68-4867-9EA0-D75EE250ECF2}"
EndProject
Global
	GlobalSection(SolutionConfigurationPlatforms) = preSolution
		Debug|Any CPU = Debug|Any CPU
		Debug|x64 = Debug|x64
		Debug|x86 = Debug|x86
		Release|Any CPU = Release|Any CPU
		Release|x64 = Release|x64
		Release|x86 = Release|x86
		Debug|iPhoneSimulator = Debug|iPhoneSimulator
		Release|iPhoneSimulator = Release|iPhoneSimulator
		Debug|iPhone = Debug|iPhone
		Release|iPhone = Release|iPhone
	EndGlobalSection
	GlobalSection(SolutionProperties) = preSolution
		HideSolutionNode = FALSE
	EndGlobalSection
	GlobalSection(ProjectConfigurationPlatforms) = postSolution
		{11B1013C-8508-49D0-ACDC-12B9BDB9E34A}.Debug|Any CPU.ActiveCfg = Debug|iPhoneSimulator
		{11B1013C-8508-49D0-ACDC-12B9BDB9E34A}.Debug|Any CPU.Build.0 = Debug|iPhoneSimulator
		{11B1013C-8508-49D0-ACDC-12B9BDB9E34A}.Debug|x64.ActiveCfg = Debug|iPhoneSimulator
		{11B1013C-8508-49D0-ACDC-12B9BDB9E34A}.Debug|x64.Build.0 = Debug|iPhoneSimulator
		{11B1013C-8508-49D0-ACDC-12B9BDB9E34A}.Debug|x86.ActiveCfg = Debug|iPhoneSimulator
		{11B1013C-8508-49D0-ACDC-12B9BDB9E34A}.Debug|x86.Build.0 = Debug|iPhoneSimulator
		{11B1013C-8508-49D0-ACDC-12B9BDB9E34A}.Release|Any CPU.ActiveCfg = Release|iPhoneSimulator
		{11B1013C-8508-49D0-ACDC-12B9BDB9E34A}.Release|Any CPU.Build.0 = Release|iPhoneSimulator
		{11B1013C-8508-49D0-ACDC-12B9BDB9E34A}.Release|x64.ActiveCfg = Release|iPhoneSimulator
		{11B1013C-8508-49D0-ACDC-12B9BDB9E34A}.Release|x64.Build.0 = Release|iPhoneSimulator
		{11B1013C-8508-49D0-ACDC-12B9BDB9E34A}.Release|x86.ActiveCfg = Release|iPhoneSimulator
		{11B1013C-8508-49D0-ACDC-12B9BDB9E34A}.Release|x86.Build.0 = Release|iPhoneSimulator
		{11B1013C-8508-49D0-ACDC-12B9BDB9E34A}.Debug|iPhoneSimulator.ActiveCfg = Debug|iPhoneSimulator
		{11B1013C-8508-49D0-ACDC-12B9BDB9E34A}.Debug|iPhoneSimulator.Build.0 = Debug|iPhoneSimulator
		{11B1013C-8508-49D0-ACDC-12B9BDB9E34A}.Release|iPhoneSimulator.ActiveCfg = Release|iPhoneSimulator
		{11B1013C-8508-49D0-ACDC-12B9BDB9E34A}.Release|iPhoneSimulator.Build.0 = Release|iPhoneSimulator
		{11B1013C-8508-49D0-ACDC-12B9BDB9E34A}.Debug|iPhone.ActiveCfg = Debug|iPhone
		{11B1013C-8508-49D0-ACDC-12B9BDB9E34A}.Debug|iPhone.Build.0 = Debug|iPhone
		{11B1013C-8508-49D0-ACDC-12B9BDB9E34A}.Release|iPhone.ActiveCfg = Release|iPhone
		{11B1013C-8508-49D0-ACDC-12B9BDB9E34A}.Release|iPhone.Build.0 = Release|iPhone
		{21B9ABE8-6F68-4867-9EA0-D75EE250ECF2}.Debug|Any CPU.ActiveCfg = Debug|Any CPU
		{21B9ABE8-6F68-4867-9EA0-D75EE250ECF2}.Debug|Any CPU.Build.0 = Debug|Any CPU
		{21B9ABE8-6F68-4867-9EA0-D75EE250ECF2}.Debug|x64.ActiveCfg = Debug|Any CPU
		{21B9ABE8-6F68-4867-9EA0-D75EE250ECF2}.Debug|x64.Build.0 = Debug|Any CPU
		{21B9ABE8-6F68-4867-9EA0-D75EE250ECF2}.Debug|x86.ActiveCfg = Debug|Any CPU
		{21B9ABE8-6F68-4867-9EA0-D75EE250ECF2}.Debug|x86.Build.0 = Debug|Any CPU
		{21B9ABE8-6F68-4867-9EA0-D75EE250ECF2}.Release|Any CPU.ActiveCfg = Release|Any CPU
		{21B9ABE8-6F68-4867-9EA0-D75EE250ECF2}.Release|Any CPU.Build.0 = Release|Any CPU
		{21B9ABE8-6F68-4867-9EA0-D75EE250ECF2}.Release|x64.ActiveCfg = Release|Any CPU
		{21B9ABE8-6F68-4867-9EA0-D75EE250ECF2}.Release|x64.Build.0 = Release|Any CPU
		{21B9ABE8-6F68-4867-9EA0-D75EE250ECF2}.Release|x86.ActiveCfg = Release|Any CPU
		{21B9ABE8-6F68-4867-9EA0-D75EE250ECF2}.Release|x86.Build.0 = Release|Any CPU
		{21B9ABE8-6F68-4867-9EA0-D75EE250ECF2}.Debug|iPhoneSimulator.ActiveCfg = Debug|Any CPU
		{21B9ABE8-6F68-4867-9EA0-D75EE250ECF2}.Debug|iPhoneSimulator.Build.0 = Debug|Any CPU
		{21B9ABE8-6F68-4867-9EA0-D75EE250ECF2}.Release|iPhoneSimulator.ActiveCfg = Release|Any CPU
		{21B9ABE8-6F68-4867-9EA0-D75EE250ECF2}.Release|iPhoneSimulator.Build.0 = Release|Any CPU
		{21B9ABE8-6F68-4867-9EA0-D75EE250ECF2}.Debug|iPhone.ActiveCfg = Debug|Any CPU
		{21B9ABE8-6F68-4867-9EA0-D75EE250ECF2}.Debug|iPhone.Build.0 = Debug|Any CPU
		{21B9ABE8-6F68-4867-9EA0-D75EE250ECF2}.Release|iPhone.ActiveCfg = Release|Any CPU
		{21B9ABE8-6F68-4867-9EA0-D75EE250ECF2}.Release|iPhone.Build.0 = Release|Any CPU
	EndGlobalSection
EndGlobal
