
Microsoft Visual Studio Solution File, Format Version 12.00
# Visual Studio 15
Project("{FAE04EC0-301F-11D3-BF4B-00C04F79EFBC}") = "maccat", "maccat.csproj", "{D86CF60D-FEA8-401A-8F7C-979EDED495B1}"
EndProject
Project("{2150E333-8FDC-42A3-9474-1A3956D46DE8}") = "Solution Items", "Solution Items", "{182390EB-E7CD-44CD-8C8E-AF1EC95D3CEE}"
	ProjectSection(SolutionItems) = preProject
		..\README.md = ..\README.md
	EndProjectSection
EndProject
Global
	GlobalSection(SolutionConfigurationPlatforms) = preSolution
		Debug|Any CPU = Debug|Any CPU
		Release|Any CPU = Release|Any CPU
	EndGlobalSection
	GlobalSection(ProjectConfigurationPlatforms) = postSolution
		{D86CF60D-FEA8-401A-8F7C-979EDED495B1}.Debug|Any CPU.ActiveCfg = Debug|Any CPU
		{D86CF60D-FEA8-401A-8F7C-979EDED495B1}.Debug|Any CPU.Build.0 = Debug|Any CPU
		{D86CF60D-FEA8-401A-8F7C-979EDED495B1}.Release|Any CPU.ActiveCfg = Release|Any CPU
		{D86CF60D-FEA8-401A-8F7C-979EDED495B1}.Release|Any CPU.Build.0 = Release|Any CPU
	EndGlobalSection
EndGlobal
